
Microsoft Visual Studio Solution File, Format Version 12.00
# Visual Studio Version 17
VisualStudioVersion = 17.2.32630.192
MinimumVisualStudioVersion = 10.0.40219.1
Project("{FAE04EC0-301F-11D3-BF4B-00C04F79EFBC}") = "Prototype06", "Prototype06\Prototype06.csproj", "{AB4E240E-F3C5-4731-8BFB-3E2408DDF2FA}"
EndProject
Global
	GlobalSection(SolutionConfigurationPlatforms) = preSolution
		Debug|Any CPU = Debug|Any CPU
		Release|Any CPU = Release|Any CPU
	EndGlobalSection
	GlobalSection(ProjectConfigurationPlatforms) = postSolution
		{AB4E240E-F3C5-4731-8BFB-3E2408DDF2FA}.Debug|Any CPU.ActiveCfg = Debug|Any CPU
		{AB4E240E-F3C5-4731-8BFB-3E2408DDF2FA}.Debug|Any CPU.Build.0 = Debug|Any CPU
		{AB4E240E-F3C5-4731-8BFB-3E2408DDF2FA}.Release|Any CPU.ActiveCfg = Release|Any CPU
		{AB4E240E-F3C5-4731-8BFB-3E2408DDF2FA}.Release|Any CPU.Build.0 = Release|Any CPU
	EndGlobalSection
	GlobalSection(SolutionProperties) = preSolution
		HideSolutionNode = FALSE
	EndGlobalSection
	GlobalSection(ExtensibilityGlobals) = postSolution
		SolutionGuid = {0FBE2357-F911-4AA3-88EA-8D649F195539}
	EndGlobalSection
EndGlobal
